// !$*UTF8*$!
{
	archiveVersion = 1;
	classes = {
	};
	objectVersion = 56;
	objects = {

/* Begin PBXBuildFile section */
		4F16D4AC28DCB84A000351EE /* AppDelegate.swift in Sources */ = {isa = PBXBuildFile; fileRef = 4F16D4AB28DCB84A000351EE /* AppDelegate.swift */; };
		4F16D4AE28DCB84A000351EE /* SceneDelegate.swift in Sources */ = {isa = PBXBuildFile; fileRef = 4F16D4AD28DCB84A000351EE /* SceneDelegate.swift */; };
		4F16D4B028DCB84A000351EE /* ViewController.swift in Sources */ = {isa = PBXBuildFile; fileRef = 4F16D4AF28DCB84A000351EE /* ViewController.swift */; };
		4F16D4B328DCB84A000351EE /* Main.storyboard in Resources */ = {isa = PBXBuildFile; fileRef = 4F16D4B128DCB84A000351EE /* Main.storyboard */; };
		4F16D4B528DCB84C000351EE /* Assets.xcassets in Resources */ = {isa = PBXBuildFile; fileRef = 4F16D4B428DCB84C000351EE /* Assets.xcassets */; };
		4F16D4B828DCB84C000351EE /* LaunchScreen.storyboard in Resources */ = {isa = PBXBuildFile; fileRef = 4F16D4B628DCB84C000351EE /* LaunchScreen.storyboard */; };
		4F16D4C328DCB84C000351EE /* Project1Tests.swift in Sources */ = {isa = PBXBuildFile; fileRef = 4F16D4C228DCB84C000351EE /* Project1Tests.swift */; };
		4F16D4CD28DCB84C000351EE /* Project1UITests.swift in Sources */ = {isa = PBXBuildFile; fileRef = 4F16D4CC28DCB84C000351EE /* Project1UITests.swift */; };
		4F16D4CF28DCB84C000351EE /* Project1UITestsLaunchTests.swift in Sources */ = {isa = PBXBuildFile; fileRef = 4F16D4CE28DCB84C000351EE /* Project1UITestsLaunchTests.swift */; };
		4F16D4E628DCB8EF000351EE /* nssl0049.jpg in Resources */ = {isa = PBXBuildFile; fileRef = 4F16D4DC28DCB8EF000351EE /* nssl0049.jpg */; };
		4F16D4E728DCB8EF000351EE /* nssl0046.jpg in Resources */ = {isa = PBXBuildFile; fileRef = 4F16D4DD28DCB8EF000351EE /* nssl0046.jpg */; };
		4F16D4E828DCB8EF000351EE /* nssl0091.jpg in Resources */ = {isa = PBXBuildFile; fileRef = 4F16D4DE28DCB8EF000351EE /* nssl0091.jpg */; };
		4F16D4E928DCB8EF000351EE /* nssl0045.jpg in Resources */ = {isa = PBXBuildFile; fileRef = 4F16D4DF28DCB8EF000351EE /* nssl0045.jpg */; };
		4F16D4EA28DCB8EF000351EE /* nssl0051.jpg in Resources */ = {isa = PBXBuildFile; fileRef = 4F16D4E028DCB8EF000351EE /* nssl0051.jpg */; };
		4F16D4EB28DCB8EF000351EE /* nssl0041.jpg in Resources */ = {isa = PBXBuildFile; fileRef = 4F16D4E128DCB8EF000351EE /* nssl0041.jpg */; };
		4F16D4EC28DCB8EF000351EE /* nssl0042.jpg in Resources */ = {isa = PBXBuildFile; fileRef = 4F16D4E228DCB8EF000351EE /* nssl0042.jpg */; };
		4F16D4ED28DCB8EF000351EE /* nssl0043.jpg in Resources */ = {isa = PBXBuildFile; fileRef = 4F16D4E328DCB8EF000351EE /* nssl0043.jpg */; };
		4F16D4EE28DCB8EF000351EE /* nssl0033.jpg in Resources */ = {isa = PBXBuildFile; fileRef = 4F16D4E428DCB8EF000351EE /* nssl0033.jpg */; };
		4F16D4EF28DCB8EF000351EE /* nssl0034.jpg in Resources */ = {isa = PBXBuildFile; fileRef = 4F16D4E528DCB8EF000351EE /* nssl0034.jpg */; };
		4F709F7828DDFF78007E290A /* DetailViewController.swift in Sources */ = {isa = PBXBuildFile; fileRef = 4F709F7728DDFF78007E290A /* DetailViewController.swift */; };
/* End PBXBuildFile section */

/* Begin PBXContainerItemProxy section */
		4F16D4BF28DCB84C000351EE /* PBXContainerItemProxy */ = {
			isa = PBXContainerItemProxy;
			containerPortal = 4F16D4A028DCB84A000351EE /* Project object */;
			proxyType = 1;
			remoteGlobalIDString = 4F16D4A728DCB84A000351EE;
			remoteInfo = Project1;
		};
		4F16D4C928DCB84C000351EE /* PBXContainerItemProxy */ = {
			isa = PBXContainerItemProxy;
			containerPortal = 4F16D4A028DCB84A000351EE /* Project object */;
			proxyType = 1;
			remoteGlobalIDString = 4F16D4A728DCB84A000351EE;
			remoteInfo = Project1;
		};
/* End PBXContainerItemProxy section */

/* Begin PBXFileReference section */
		4F16D4A828DCB84A000351EE /* Project1.app */ = {isa = PBXFileReference; explicitFileType = wrapper.application; includeInIndex = 0; path = Project1.app; sourceTree = BUILT_PRODUCTS_DIR; };
		4F16D4AB28DCB84A000351EE /* AppDelegate.swift */ = {isa = PBXFileReference; lastKnownFileType = sourcecode.swift; path = AppDelegate.swift; sourceTree = "<group>"; };
		4F16D4AD28DCB84A000351EE /* SceneDelegate.swift */ = {isa = PBXFileReference; lastKnownFileType = sourcecode.swift; path = SceneDelegate.swift; sourceTree = "<group>"; };
		4F16D4AF28DCB84A000351EE /* ViewController.swift */ = {isa = PBXFileReference; lastKnownFileType = sourcecode.swift; path = ViewController.swift; sourceTree = "<group>"; };
		4F16D4B228DCB84A000351EE /* Base */ = {isa = PBXFileReference; lastKnownFileType = file.storyboard; name = Base; path = Base.lproj/Main.storyboard; sourceTree = "<group>"; };
		4F16D4B428DCB84C000351EE /* Assets.xcassets */ = {isa = PBXFileReference; lastKnownFileType = folder.assetcatalog; path = Assets.xcassets; sourceTree = "<group>"; };
		4F16D4B728DCB84C000351EE /* Base */ = {isa = PBXFileReference; lastKnownFileType = file.storyboard; name = Base; path = Base.lproj/LaunchScreen.storyboard; sourceTree = "<group>"; };
		4F16D4B928DCB84C000351EE /* Info.plist */ = {isa = PBXFileReference; lastKnownFileType = text.plist.xml; path = Info.plist; sourceTree = "<group>"; };
		4F16D4BE28DCB84C000351EE /* Project1Tests.xctest */ = {isa = PBXFileReference; explicitFileType = wrapper.cfbundle; includeInIndex = 0; path = Project1Tests.xctest; sourceTree = BUILT_PRODUCTS_DIR; };
		4F16D4C228DCB84C000351EE /* Project1Tests.swift */ = {isa = PBXFileReference; lastKnownFileType = sourcecode.swift; path = Project1Tests.swift; sourceTree = "<group>"; };
		4F16D4C828DCB84C000351EE /* Project1UITests.xctest */ = {isa = PBXFileReference; explicitFileType = wrapper.cfbundle; includeInIndex = 0; path = Project1UITests.xctest; sourceTree = BUILT_PRODUCTS_DIR; };
		4F16D4CC28DCB84C000351EE /* Project1UITests.swift */ = {isa = PBXFileReference; lastKnownFileType = sourcecode.swift; path = Project1UITests.swift; sourceTree = "<group>"; };
		4F16D4CE28DCB84C000351EE /* Project1UITestsLaunchTests.swift */ = {isa = PBXFileReference; lastKnownFileType = sourcecode.swift; path = Project1UITestsLaunchTests.swift; sourceTree = "<group>"; };
		4F16D4DC28DCB8EF000351EE /* nssl0049.jpg */ = {isa = PBXFileReference; lastKnownFileType = image.jpeg; path = nssl0049.jpg; sourceTree = "<group>"; };
		4F16D4DD28DCB8EF000351EE /* nssl0046.jpg */ = {isa = PBXFileReference; lastKnownFileType = image.jpeg; path = nssl0046.jpg; sourceTree = "<group>"; };
		4F16D4DE28DCB8EF000351EE /* nssl0091.jpg */ = {isa = PBXFileReference; lastKnownFileType = image.jpeg; path = nssl0091.jpg; sourceTree = "<group>"; };
		4F16D4DF28DCB8EF000351EE /* nssl0045.jpg */ = {isa = PBXFileReference; lastKnownFileType = image.jpeg; path = nssl0045.jpg; sourceTree = "<group>"; };
		4F16D4E028DCB8EF000351EE /* nssl0051.jpg */ = {isa = PBXFileReference; lastKnownFileType = image.jpeg; path = nssl0051.jpg; sourceTree = "<group>"; };
		4F16D4E128DCB8EF000351EE /* nssl0041.jpg */ = {isa = PBXFileReference; lastKnownFileType = image.jpeg; path = nssl0041.jpg; sourceTree = "<group>"; };
		4F16D4E228DCB8EF000351EE /* nssl0042.jpg */ = {isa = PBXFileReference; lastKnownFileType = image.jpeg; path = nssl0042.jpg; sourceTree = "<group>"; };
		4F16D4E328DCB8EF000351EE /* nssl0043.jpg */ = {isa = PBXFileReference; lastKnownFileType = image.jpeg; path = nssl0043.jpg; sourceTree = "<group>"; };
		4F16D4E428DCB8EF000351EE /* nssl0033.jpg */ = {isa = PBXFileReference; lastKnownFileType = image.jpeg; path = nssl0033.jpg; sourceTree = "<group>"; };
		4F16D4E528DCB8EF000351EE /* nssl0034.jpg */ = {isa = PBXFileReference; lastKnownFileType = image.jpeg; path = nssl0034.jpg; sourceTree = "<group>"; };
		4F709F7728DDFF78007E290A /* DetailViewController.swift */ = {isa = PBXFileReference; lastKnownFileType = sourcecode.swift; path = DetailViewController.swift; sourceTree = "<group>"; };
/* End PBXFileReference section */

/* Begin PBXFrameworksBuildPhase section */
		4F16D4A528DCB84A000351EE /* Frameworks */ = {
			isa = PBXFrameworksBuildPhase;
			buildActionMask = 2147483647;
			files = (
			);
			runOnlyForDeploymentPostprocessing = 0;
		};
		4F16D4BB28DCB84C000351EE /* Frameworks */ = {
			isa = PBXFrameworksBuildPhase;
			buildActionMask = 2147483647;
			files = (
			);
			runOnlyForDeploymentPostprocessing = 0;
		};
		4F16D4C528DCB84C000351EE /* Frameworks */ = {
			isa = PBXFrameworksBuildPhase;
			buildActionMask = 2147483647;
			files = (
			);
			runOnlyForDeploymentPostprocessing = 0;
		};
/* End PBXFrameworksBuildPhase section */

/* Begin PBXGroup section */
		4F16D49F28DCB84A000351EE = {
			isa = PBXGroup;
			children = (
				4F16D4AA28DCB84A000351EE /* Project1 */,
				4F16D4C128DCB84C000351EE /* Project1Tests */,
				4F16D4CB28DCB84C000351EE /* Project1UITests */,
				4F16D4A928DCB84A000351EE /* Products */,
			);
			sourceTree = "<group>";
		};
		4F16D4A928DCB84A000351EE /* Products */ = {
			isa = PBXGroup;
			children = (
				4F16D4A828DCB84A000351EE /* Project1.app */,
				4F16D4BE28DCB84C000351EE /* Project1Tests.xctest */,
				4F16D4C828DCB84C000351EE /* Project1UITests.xctest */,
			);
			name = Products;
			sourceTree = "<group>";
		};
		4F16D4AA28DCB84A000351EE /* Project1 */ = {
			isa = PBXGroup;
			children = (
				4F16D4AB28DCB84A000351EE /* AppDelegate.swift */,
				4F16D4AD28DCB84A000351EE /* SceneDelegate.swift */,
				4F16D4AF28DCB84A000351EE /* ViewController.swift */,
				4F709F7728DDFF78007E290A /* DetailViewController.swift */,
				4F16D4B128DCB84A000351EE /* Main.storyboard */,
				4F16D4B428DCB84C000351EE /* Assets.xcassets */,
				4F16D4B628DCB84C000351EE /* LaunchScreen.storyboard */,
				4F16D4B928DCB84C000351EE /* Info.plist */,
				4F16D4DB28DCB8EF000351EE /* Content */,
			);
			path = Project1;
			sourceTree = "<group>";
		};
		4F16D4C128DCB84C000351EE /* Project1Tests */ = {
			isa = PBXGroup;
			children = (
				4F16D4C228DCB84C000351EE /* Project1Tests.swift */,
			);
			path = Project1Tests;
			sourceTree = "<group>";
		};
		4F16D4CB28DCB84C000351EE /* Project1UITests */ = {
			isa = PBXGroup;
			children = (
				4F16D4CC28DCB84C000351EE /* Project1UITests.swift */,
				4F16D4CE28DCB84C000351EE /* Project1UITestsLaunchTests.swift */,
			);
			path = Project1UITests;
			sourceTree = "<group>";
		};
		4F16D4DB28DCB8EF000351EE /* Content */ = {
			isa = PBXGroup;
			children = (
				4F16D4DC28DCB8EF000351EE /* nssl0049.jpg */,
				4F16D4DD28DCB8EF000351EE /* nssl0046.jpg */,
				4F16D4DE28DCB8EF000351EE /* nssl0091.jpg */,
				4F16D4DF28DCB8EF000351EE /* nssl0045.jpg */,
				4F16D4E028DCB8EF000351EE /* nssl0051.jpg */,
				4F16D4E128DCB8EF000351EE /* nssl0041.jpg */,
				4F16D4E228DCB8EF000351EE /* nssl0042.jpg */,
				4F16D4E328DCB8EF000351EE /* nssl0043.jpg */,
				4F16D4E428DCB8EF000351EE /* nssl0033.jpg */,
				4F16D4E528DCB8EF000351EE /* nssl0034.jpg */,
			);
			path = Content;
			sourceTree = "<group>";
		};
/* End PBXGroup section */

/* Begin PBXNativeTarget section */
		4F16D4A728DCB84A000351EE /* Project1 */ = {
			isa = PBXNativeTarget;
			buildConfigurationList = 4F16D4D228DCB84C000351EE /* Build configuration list for PBXNativeTarget "Project1" */;
			buildPhases = (
				4F16D4A428DCB84A000351EE /* Sources */,
				4F16D4A528DCB84A000351EE /* Frameworks */,
				4F16D4A628DCB84A000351EE /* Resources */,
			);
			buildRules = (
			);
			dependencies = (
			);
			name = Project1;
			productName = Project1;
			productReference = 4F16D4A828DCB84A000351EE /* Project1.app */;
			productType = "com.apple.product-type.application";
		};
		4F16D4BD28DCB84C000351EE /* Project1Tests */ = {
			isa = PBXNativeTarget;
			buildConfigurationList = 4F16D4D528DCB84C000351EE /* Build configuration list for PBXNativeTarget "Project1Tests" */;
			buildPhases = (
				4F16D4BA28DCB84C000351EE /* Sources */,
				4F16D4BB28DCB84C000351EE /* Frameworks */,
				4F16D4BC28DCB84C000351EE /* Resources */,
			);
			buildRules = (
			);
			dependencies = (
				4F16D4C028DCB84C000351EE /* PBXTargetDependency */,
			);
			name = Project1Tests;
			productName = Project1Tests;
			productReference = 4F16D4BE28DCB84C000351EE /* Project1Tests.xctest */;
			productType = "com.apple.product-type.bundle.unit-test";
		};
		4F16D4C728DCB84C000351EE /* Project1UITests */ = {
			isa = PBXNativeTarget;
			buildConfigurationList = 4F16D4D828DCB84C000351EE /* Build configuration list for PBXNativeTarget "Project1UITests" */;
			buildPhases = (
				4F16D4C428DCB84C000351EE /* Sources */,
				4F16D4C528DCB84C000351EE /* Frameworks */,
				4F16D4C628DCB84C000351EE /* Resources */,
			);
			buildRules = (
			);
			dependencies = (
				4F16D4CA28DCB84C000351EE /* PBXTargetDependency */,
			);
			name = Project1UITests;
			productName = Project1UITests;
			productReference = 4F16D4C828DCB84C000351EE /* Project1UITests.xctest */;
			productType = "com.apple.product-type.bundle.ui-testing";
		};
/* End PBXNativeTarget section */

/* Begin PBXProject section */
		4F16D4A028DCB84A000351EE /* Project object */ = {
			isa = PBXProject;
			attributes = {
				BuildIndependentTargetsInParallel = 1;
				LastSwiftUpdateCheck = 1400;
				LastUpgradeCheck = 1400;
				TargetAttributes = {
					4F16D4A728DCB84A000351EE = {
						CreatedOnToolsVersion = 14.0;
					};
					4F16D4BD28DCB84C000351EE = {
						CreatedOnToolsVersion = 14.0;
						TestTargetID = 4F16D4A728DCB84A000351EE;
					};
					4F16D4C728DCB84C000351EE = {
						CreatedOnToolsVersion = 14.0;
						TestTargetID = 4F16D4A728DCB84A000351EE;
					};
				};
			};
			buildConfigurationList = 4F16D4A328DCB84A000351EE /* Build configuration list for PBXProject "Project1" */;
			compatibilityVersion = "Xcode 14.0";
			developmentRegion = en;
			hasScannedForEncodings = 0;
			knownRegions = (
				en,
				Base,
			);
			mainGroup = 4F16D49F28DCB84A000351EE;
			productRefGroup = 4F16D4A928DCB84A000351EE /* Products */;
			projectDirPath = "";
			projectRoot = "";
			targets = (
				4F16D4A728DCB84A000351EE /* Project1 */,
				4F16D4BD28DCB84C000351EE /* Project1Tests */,
				4F16D4C728DCB84C000351EE /* Project1UITests */,
			);
		};
/* End PBXProject section */

/* Begin PBXResourcesBuildPhase section */
		4F16D4A628DCB84A000351EE /* Resources */ = {
			isa = PBXResourcesBuildPhase;
			buildActionMask = 2147483647;
			files = (
				4F16D4E728DCB8EF000351EE /* nssl0046.jpg in Resources */,
				4F16D4EE28DCB8EF000351EE /* nssl0033.jpg in Resources */,
				4F16D4EA28DCB8EF000351EE /* nssl0051.jpg in Resources */,
				4F16D4E828DCB8EF000351EE /* nssl0091.jpg in Resources */,
				4F16D4ED28DCB8EF000351EE /* nssl0043.jpg in Resources */,
				4F16D4EF28DCB8EF000351EE /* nssl0034.jpg in Resources */,
				4F16D4E628DCB8EF000351EE /* nssl0049.jpg in Resources */,
				4F16D4EB28DCB8EF000351EE /* nssl0041.jpg in Resources */,
				4F16D4EC28DCB8EF000351EE /* nssl0042.jpg in Resources */,
				4F16D4B828DCB84C000351EE /* LaunchScreen.storyboard in Resources */,
				4F16D4B528DCB84C000351EE /* Assets.xcassets in Resources */,
				4F16D4E928DCB8EF000351EE /* nssl0045.jpg in Resources */,
				4F16D4B328DCB84A000351EE /* Main.storyboard in Resources */,
			);
			runOnlyForDeploymentPostprocessing = 0;
		};
		4F16D4BC28DCB84C000351EE /* Resources */ = {
			isa = PBXResourcesBuildPhase;
			buildActionMask = 2147483647;
			files = (
			);
			runOnlyForDeploymentPostprocessing = 0;
		};
		4F16D4C628DCB84C000351EE /* Resources */ = {
			isa = PBXResourcesBuildPhase;
			buildActionMask = 2147483647;
			files = (
			);
			runOnlyForDeploymentPostprocessing = 0;
		};
/* End PBXResourcesBuildPhase section */

/* Begin PBXSourcesBuildPhase section */
		4F16D4A428DCB84A000351EE /* Sources */ = {
			isa = PBXSourcesBuildPhase;
			buildActionMask = 2147483647;
			files = (
				4F16D4B028DCB84A000351EE /* ViewController.swift in Sources */,
				4F16D4AC28DCB84A000351EE /* AppDelegate.swift in Sources */,
				4F16D4AE28DCB84A000351EE /* SceneDelegate.swift in Sources */,
				4F709F7828DDFF78007E290A /* DetailViewController.swift in Sources */,
			);
			runOnlyForDeploymentPostprocessing = 0;
		};
		4F16D4BA28DCB84C000351EE /* Sources */ = {
			isa = PBXSourcesBuildPhase;
			buildActionMask = 2147483647;
			files = (
				4F16D4C328DCB84C000351EE /* Project1Tests.swift in Sources */,
			);
			runOnlyForDeploymentPostprocessing = 0;
		};
		4F16D4C428DCB84C000351EE /* Sources */ = {
			isa = PBXSourcesBuildPhase;
			buildActionMask = 2147483647;
			files = (
				4F16D4CF28DCB84C000351EE /* Project1UITestsLaunchTests.swift in Sources */,
				4F16D4CD28DCB84C000351EE /* Project1UITests.swift in Sources */,
			);
			runOnlyForDeploymentPostprocessing = 0;
		};
/* End PBXSourcesBuildPhase section */

/* Begin PBXTargetDependency section */
		4F16D4C028DCB84C000351EE /* PBXTargetDependency */ = {
			isa = PBXTargetDependency;
			target = 4F16D4A728DCB84A000351EE /* Project1 */;
			targetProxy = 4F16D4BF28DCB84C000351EE /* PBXContainerItemProxy */;
		};
		4F16D4CA28DCB84C000351EE /* PBXTargetDependency */ = {
			isa = PBXTargetDependency;
			target = 4F16D4A728DCB84A000351EE /* Project1 */;
			targetProxy = 4F16D4C928DCB84C000351EE /* PBXContainerItemProxy */;
		};
/* End PBXTargetDependency section */

/* Begin PBXVariantGroup section */
		4F16D4B128DCB84A000351EE /* Main.storyboard */ = {
			isa = PBXVariantGroup;
			children = (
				4F16D4B228DCB84A000351EE /* Base */,
			);
			name = Main.storyboard;
			sourceTree = "<group>";
		};
		4F16D4B628DCB84C000351EE /* LaunchScreen.storyboard */ = {
			isa = PBXVariantGroup;
			children = (
				4F16D4B728DCB84C000351EE /* Base */,
			);
			name = LaunchScreen.storyboard;
			sourceTree = "<group>";
		};
/* End PBXVariantGroup section */

/* Begin XCBuildConfiguration section */
		4F16D4D028DCB84C000351EE /* Debug */ = {
			isa = XCBuildConfiguration;
			buildSettings = {
				ALWAYS_SEARCH_USER_PATHS = NO;
				CLANG_ANALYZER_NONNULL = YES;
				CLANG_ANALYZER_NUMBER_OBJECT_CONVERSION = YES_AGGRESSIVE;
				CLANG_CXX_LANGUAGE_STANDARD = "gnu++20";
				CLANG_ENABLE_MODULES = YES;
				CLANG_ENABLE_OBJC_ARC = YES;
				CLANG_ENABLE_OBJC_WEAK = YES;
				CLANG_WARN_BLOCK_CAPTURE_AUTORELEASING = YES;
				CLANG_WARN_BOOL_CONVERSION = YES;
				CLANG_WARN_COMMA = YES;
				CLANG_WARN_CONSTANT_CONVERSION = YES;
				CLANG_WARN_DEPRECATED_OBJC_IMPLEMENTATIONS = YES;
				CLANG_WARN_DIRECT_OBJC_ISA_USAGE = YES_ERROR;
				CLANG_WARN_DOCUMENTATION_COMMENTS = YES;
				CLANG_WARN_EMPTY_BODY = YES;
				CLANG_WARN_ENUM_CONVERSION = YES;
				CLANG_WARN_INFINITE_RECURSION = YES;
				CLANG_WARN_INT_CONVERSION = YES;
				CLANG_WARN_NON_LITERAL_NULL_CONVERSION = YES;
				CLANG_WARN_OBJC_IMPLICIT_RETAIN_SELF = YES;
				CLANG_WARN_OBJC_LITERAL_CONVERSION = YES;
				CLANG_WARN_OBJC_ROOT_CLASS = YES_ERROR;
				CLANG_WARN_QUOTED_INCLUDE_IN_FRAMEWORK_HEADER = YES;
				CLANG_WARN_RANGE_LOOP_ANALYSIS = YES;
				CLANG_WARN_STRICT_PROTOTYPES = YES;
				CLANG_WARN_SUSPICIOUS_MOVE = YES;
				CLANG_WARN_UNGUARDED_AVAILABILITY = YES_AGGRESSIVE;
				CLANG_WARN_UNREACHABLE_CODE = YES;
				CLANG_WARN__DUPLICATE_METHOD_MATCH = YES;
				COPY_PHASE_STRIP = NO;
				DEBUG_INFORMATION_FORMAT = dwarf;
				ENABLE_STRICT_OBJC_MSGSEND = YES;
				ENABLE_TESTABILITY = YES;
				GCC_C_LANGUAGE_STANDARD = gnu11;
				GCC_DYNAMIC_NO_PIC = NO;
				GCC_NO_COMMON_BLOCKS = YES;
				GCC_OPTIMIZATION_LEVEL = 0;
				GCC_PREPROCESSOR_DEFINITIONS = (
					"DEBUG=1",
					"$(inherited)",
				);
				GCC_WARN_64_TO_32_BIT_CONVERSION = YES;
				GCC_WARN_ABOUT_RETURN_TYPE = YES_ERROR;
				GCC_WARN_UNDECLARED_SELECTOR = YES;
				GCC_WARN_UNINITIALIZED_AUTOS = YES_AGGRESSIVE;
				GCC_WARN_UNUSED_FUNCTION = YES;
				GCC_WARN_UNUSED_VARIABLE = YES;
				IPHONEOS_DEPLOYMENT_TARGET = 16.0;
				MTL_ENABLE_DEBUG_INFO = INCLUDE_SOURCE;
				MTL_FAST_MATH = YES;
				ONLY_ACTIVE_ARCH = YES;
				SDKROOT = iphoneos;
				SWIFT_ACTIVE_COMPILATION_CONDITIONS = DEBUG;
				SWIFT_OPTIMIZATION_LEVEL = "-Onone";
			};
			name = Debug;
		};
		4F16D4D128DCB84C000351EE /* Release */ = {
			isa = XCBuildConfiguration;
			buildSettings = {
				ALWAYS_SEARCH_USER_PATHS = NO;
				CLANG_ANALYZER_NONNULL = YES;
				CLANG_ANALYZER_NUMBER_OBJECT_CONVERSION = YES_AGGRESSIVE;
				CLANG_CXX_LANGUAGE_STANDARD = "gnu++20";
				CLANG_ENABLE_MODULES = YES;
				CLANG_ENABLE_OBJC_ARC = YES;
				CLANG_ENABLE_OBJC_WEAK = YES;
				CLANG_WARN_BLOCK_CAPTURE_AUTORELEASING = YES;
				CLANG_WARN_BOOL_CONVERSION = YES;
				CLANG_WARN_COMMA = YES;
				CLANG_WARN_CONSTANT_CONVERSION = YES;
				CLANG_WARN_DEPRECATED_OBJC_IMPLEMENTATIONS = YES;
				CLANG_WARN_DIRECT_OBJC_ISA_USAGE = YES_ERROR;
				CLANG_WARN_DOCUMENTATION_COMMENTS = YES;
				CLANG_WARN_EMPTY_BODY = YES;
				CLANG_WARN_ENUM_CONVERSION = YES;
				CLANG_WARN_INFINITE_RECURSION = YES;
				CLANG_WARN_INT_CONVERSION = YES;
				CLANG_WARN_NON_LITERAL_NULL_CONVERSION = YES;
				CLANG_WARN_OBJC_IMPLICIT_RETAIN_SELF = YES;
				CLANG_WARN_OBJC_LITERAL_CONVERSION = YES;
				CLANG_WARN_OBJC_ROOT_CLASS = YES_ERROR;
				CLANG_WARN_QUOTED_INCLUDE_IN_FRAMEWORK_HEADER = YES;
				CLANG_WARN_RANGE_LOOP_ANALYSIS = YES;
				CLANG_WARN_STRICT_PROTOTYPES = YES;
				CLANG_WARN_SUSPICIOUS_MOVE = YES;
				CLANG_WARN_UNGUARDED_AVAILABILITY = YES_AGGRESSIVE;
				CLANG_WARN_UNREACHABLE_CODE = YES;
				CLANG_WARN__DUPLICATE_METHOD_MATCH = YES;
				COPY_PHASE_STRIP = NO;
				DEBUG_INFORMATION_FORMAT = "dwarf-with-dsym";
				ENABLE_NS_ASSERTIONS = NO;
				ENABLE_STRICT_OBJC_MSGSEND = YES;
				GCC_C_LANGUAGE_STANDARD = gnu11;
				GCC_NO_COMMON_BLOCKS = YES;
				GCC_WARN_64_TO_32_BIT_CONVERSION = YES;
				GCC_WARN_ABOUT_RETURN_TYPE = YES_ERROR;
				GCC_WARN_UNDECLARED_SELECTOR = YES;
				GCC_WARN_UNINITIALIZED_AUTOS = YES_AGGRESSIVE;
				GCC_WARN_UNUSED_FUNCTION = YES;
				GCC_WARN_UNUSED_VARIABLE = YES;
				IPHONEOS_DEPLOYMENT_TARGET = 16.0;
				MTL_ENABLE_DEBUG_INFO = NO;
				MTL_FAST_MATH = YES;
				SDKROOT = iphoneos;
				SWIFT_COMPILATION_MODE = wholemodule;
				SWIFT_OPTIMIZATION_LEVEL = "-O";
				VALIDATE_PRODUCT = YES;
			};
			name = Release;
		};
		4F16D4D328DCB84C000351EE /* Debug */ = {
			isa = XCBuildConfiguration;
			buildSettings = {
				ASSETCATALOG_COMPILER_APPICON_NAME = AppIcon;
				ASSETCATALOG_COMPILER_GLOBAL_ACCENT_COLOR_NAME = AccentColor;
				CODE_SIGN_STYLE = Automatic;
				CURRENT_PROJECT_VERSION = 1;
				DEVELOPMENT_TEAM = 668XK42474;
				GENERATE_INFOPLIST_FILE = YES;
				INFOPLIST_FILE = Project1/Info.plist;
				INFOPLIST_KEY_UIApplicationSupportsIndirectInputEvents = YES;
				INFOPLIST_KEY_UILaunchStoryboardName = LaunchScreen;
				INFOPLIST_KEY_UIMainStoryboardFile = Main;
				INFOPLIST_KEY_UISupportedInterfaceOrientations_iPad = "UIInterfaceOrientationPortrait UIInterfaceOrientationPortraitUpsideDown UIInterfaceOrientationLandscapeLeft UIInterfaceOrientationLandscapeRight";
				INFOPLIST_KEY_UISupportedInterfaceOrientations_iPhone = "UIInterfaceOrientationPortrait UIInterfaceOrientationLandscapeLeft UIInterfaceOrientationLandscapeRight";
				LD_RUNPATH_SEARCH_PATHS = (
					"$(inherited)",
					"@executable_path/Frameworks",
				);
				MARKETING_VERSION = 1.0;
				PRODUCT_BUNDLE_IDENTIFIER = com.hackingwithswift.Project1;
				PRODUCT_NAME = "$(TARGET_NAME)";
				SWIFT_EMIT_LOC_STRINGS = YES;
				SWIFT_VERSION = 5.0;
				TARGETED_DEVICE_FAMILY = "1,2";
			};
			name = Debug;
		};
		4F16D4D428DCB84C000351EE /* Release */ = {
			isa = XCBuildConfiguration;
			buildSettings = {
				ASSETCATALOG_COMPILER_APPICON_NAME = AppIcon;
				ASSETCATALOG_COMPILER_GLOBAL_ACCENT_COLOR_NAME = AccentColor;
				CODE_SIGN_STYLE = Automatic;
				CURRENT_PROJECT_VERSION = 1;
				DEVELOPMENT_TEAM = 668XK42474;
				GENERATE_INFOPLIST_FILE = YES;
				INFOPLIST_FILE = Project1/Info.plist;
				INFOPLIST_KEY_UIApplicationSupportsIndirectInputEvents = YES;
				INFOPLIST_KEY_UILaunchStoryboardName = LaunchScreen;
				INFOPLIST_KEY_UIMainStoryboardFile = Main;
				INFOPLIST_KEY_UISupportedInterfaceOrientations_iPad = "UIInterfaceOrientationPortrait UIInterfaceOrientationPortraitUpsideDown UIInterfaceOrientationLandscapeLeft UIInterfaceOrientationLandscapeRight";
				INFOPLIST_KEY_UISupportedInterfaceOrientations_iPhone = "UIInterfaceOrientationPortrait UIInterfaceOrientationLandscapeLeft UIInterfaceOrientationLandscapeRight";
				LD_RUNPATH_SEARCH_PATHS = (
					"$(inherited)",
					"@executable_path/Frameworks",
				);
				MARKETING_VERSION = 1.0;
				PRODUCT_BUNDLE_IDENTIFIER = com.hackingwithswift.Project1;
				PRODUCT_NAME = "$(TARGET_NAME)";
				SWIFT_EMIT_LOC_STRINGS = YES;
				SWIFT_VERSION = 5.0;
				TARGETED_DEVICE_FAMILY = "1,2";
			};
			name = Release;
		};
		4F16D4D628DCB84C000351EE /* Debug */ = {
			isa = XCBuildConfiguration;
			buildSettings = {
				ALWAYS_EMBED_SWIFT_STANDARD_LIBRARIES = YES;
				BUNDLE_LOADER = "$(TEST_HOST)";
				CODE_SIGN_STYLE = Automatic;
				CURRENT_PROJECT_VERSION = 1;
				GENERATE_INFOPLIST_FILE = YES;
				IPHONEOS_DEPLOYMENT_TARGET = 16.0;
				MARKETING_VERSION = 1.0;
				PRODUCT_BUNDLE_IDENTIFIER = com.hackingwithswift.Project1Tests;
				PRODUCT_NAME = "$(TARGET_NAME)";
				SWIFT_EMIT_LOC_STRINGS = NO;
				SWIFT_VERSION = 5.0;
				TARGETED_DEVICE_FAMILY = "1,2";
				TEST_HOST = "$(BUILT_PRODUCTS_DIR)/Project1.app/$(BUNDLE_EXECUTABLE_FOLDER_PATH)/Project1";
			};
			name = Debug;
		};
		4F16D4D728DCB84C000351EE /* Release */ = {
			isa = XCBuildConfiguration;
			buildSettings = {
				ALWAYS_EMBED_SWIFT_STANDARD_LIBRARIES = YES;
				BUNDLE_LOADER = "$(TEST_HOST)";
				CODE_SIGN_STYLE = Automatic;
				CURRENT_PROJECT_VERSION = 1;
				GENERATE_INFOPLIST_FILE = YES;
				IPHONEOS_DEPLOYMENT_TARGET = 16.0;
				MARKETING_VERSION = 1.0;
				PRODUCT_BUNDLE_IDENTIFIER = com.hackingwithswift.Project1Tests;
				PRODUCT_NAME = "$(TARGET_NAME)";
				SWIFT_EMIT_LOC_STRINGS = NO;
				SWIFT_VERSION = 5.0;
				TARGETED_DEVICE_FAMILY = "1,2";
				TEST_HOST = "$(BUILT_PRODUCTS_DIR)/Project1.app/$(BUNDLE_EXECUTABLE_FOLDER_PATH)/Project1";
			};
			name = Release;
		};
		4F16D4D928DCB84C000351EE /* Debug */ = {
			isa = XCBuildConfiguration;
			buildSettings = {
				ALWAYS_EMBED_SWIFT_STANDARD_LIBRARIES = YES;
				CODE_SIGN_STYLE = Automatic;
				CURRENT_PROJECT_VERSION = 1;
				GENERATE_INFOPLIST_FILE = YES;
				MARKETING_VERSION = 1.0;
				PRODUCT_BUNDLE_IDENTIFIER = com.hackingwithswift.Project1UITests;
				PRODUCT_NAME = "$(TARGET_NAME)";
				SWIFT_EMIT_LOC_STRINGS = NO;
				SWIFT_VERSION = 5.0;
				TARGETED_DEVICE_FAMILY = "1,2";
				TEST_TARGET_NAME = Project1;
			};
			name = Debug;
		};
		4F16D4DA28DCB84C000351EE /* Release */ = {
			isa = XCBuildConfiguration;
			buildSettings = {
				ALWAYS_EMBED_SWIFT_STANDARD_LIBRARIES = YES;
				CODE_SIGN_STYLE = Automatic;
				CURRENT_PROJECT_VERSION = 1;
				GENERATE_INFOPLIST_FILE = YES;
				MARKETING_VERSION = 1.0;
				PRODUCT_BUNDLE_IDENTIFIER = com.hackingwithswift.Project1UITests;
				PRODUCT_NAME = "$(TARGET_NAME)";
				SWIFT_EMIT_LOC_STRINGS = NO;
				SWIFT_VERSION = 5.0;
				TARGETED_DEVICE_FAMILY = "1,2";
				TEST_TARGET_NAME = Project1;
			};
			name = Release;
		};
/* End XCBuildConfiguration section */

/* Begin XCConfigurationList section */
		4F16D4A328DCB84A000351EE /* Build configuration list for PBXProject "Project1" */ = {
			isa = XCConfigurationList;
			buildConfigurations = (
				4F16D4D028DCB84C000351EE /* Debug */,
				4F16D4D128DCB84C000351EE /* Release */,
			);
			defaultConfigurationIsVisible = 0;
			defaultConfigurationName = Release;
		};
		4F16D4D228DCB84C000351EE /* Build configuration list for PBXNativeTarget "Project1" */ = {
			isa = XCConfigurationList;
			buildConfigurations = (
				4F16D4D328DCB84C000351EE /* Debug */,
				4F16D4D428DCB84C000351EE /* Release */,
			);
			defaultConfigurationIsVisible = 0;
			defaultConfigurationName = Release;
		};
		4F16D4D528DCB84C000351EE /* Build configuration list for PBXNativeTarget "Project1Tests" */ = {
			isa = XCConfigurationList;
			buildConfigurations = (
				4F16D4D628DCB84C000351EE /* Debug */,
				4F16D4D728DCB84C000351EE /* Release */,
			);
			defaultConfigurationIsVisible = 0;
			defaultConfigurationName = Release;
		};
		4F16D4D828DCB84C000351EE /* Build configuration list for PBXNativeTarget "Project1UITests" */ = {
			isa = XCConfigurationList;
			buildConfigurations = (
				4F16D4D928DCB84C000351EE /* Debug */,
				4F16D4DA28DCB84C000351EE /* Release */,
			);
			defaultConfigurationIsVisible = 0;
			defaultConfigurationName = Release;
		};
/* End XCConfigurationList section */
	};
	rootObject = 4F16D4A028DCB84A000351EE /* Project object */;
}
